
Microsoft Visual Studio Solution File, Format Version 12.00
# Visual Studio Version 17
VisualStudioVersion = 17.5.002.0
MinimumVisualStudioVersion = 10.0.40219.1
Project("{9A19103F-16F7-4668-BE54-9A1E7A4F7556}") = "LongerSeasons", "LongerSeasons.csproj", "{B477E32E-88F4-4B12-B9A8-A9ED976F9ADA}"
EndProject
Global
	GlobalSection(SolutionConfigurationPlatforms) = preSolution
		Debug|Any CPU = Debug|Any CPU
		Release|Any CPU = Release|Any CPU
	EndGlobalSection
	GlobalSection(ProjectConfigurationPlatforms) = postSolution
		{B477E32E-88F4-4B12-B9A8-A9ED976F9ADA}.Debug|Any CPU.ActiveCfg = Debug|Any CPU
		{B477E32E-88F4-4B12-B9A8-A9ED976F9ADA}.Debug|Any CPU.Build.0 = Debug|Any CPU
		{B477E32E-88F4-4B12-B9A8-A9ED976F9ADA}.Release|Any CPU.ActiveCfg = Release|Any CPU
		{B477E32E-88F4-4B12-B9A8-A9ED976F9ADA}.Release|Any CPU.Build.0 = Release|Any CPU
	EndGlobalSection
	GlobalSection(SolutionProperties) = preSolution
		HideSolutionNode = FALSE
	EndGlobalSection
	GlobalSection(ExtensibilityGlobals) = postSolution
		SolutionGuid = {729F0A95-5DA0-41D9-AF28-ABCA29E13731}
	EndGlobalSection
EndGlobal
